# THIS IS AN AUTOGENERATED FILE. DO NOT EDIT THIS FILE DIRECTLY.
# yarn lockfile v1


"@types/googlemaps@^3.38.1":
  version "3.39.3"
  resolved "https://registry.yarnpkg.com/@types/googlemaps/-/googlemaps-3.39.3.tgz#8664e424f335802c8aa46a94676666b0a0f31d97"
  integrity sha512-L8O9HAVFZj0TuiS8h5ORthiMsrrhjxTC8XUusp5k47oXCst4VTm+qWKvrAvmYMybZVokbp4Udco1mNwJrTNZPQ==

"@types/lodash@^4.14.149":
  version "4.14.149"
  resolved "https://registry.yarnpkg.com/@types/lodash/-/lodash-4.14.149.tgz#1342d63d948c6062838fbf961012f74d4e638440"
  integrity sha512-ijGqzZt/b7BfzcK9vTrS6MFljQRPn5BFWOx8oE0GYxribu6uV+aA9zZuXI1zc/etK9E8nrgdoF2+LgUw7+9tJQ==

"@types/luxon@^1.22.0":
  version "1.22.0"
  resolved "https://registry.yarnpkg.com/@types/luxon/-/luxon-1.22.0.tgz#dbdf2cc7ba3dfce98c57a3f0e003791122cba009"
  integrity sha512-riAvdx85rU7OXCrjW3f7dIf7fuJDrxck2Dkjd0weh6ul7q+wumrwe6+/tD8v7yOKnZAuEnTFF4FU7b+5W/I3bw==

"@types/node@^13.1.0":
  version "13.9.4"
  resolved "https://registry.yarnpkg.com/@types/node/-/node-13.9.4.tgz#63c58e67999bfbfa688dd49ed84639b01b543606"
  integrity sha512-uzaaDXey/NI2l7kU+xCgWu852Dh/zmf6ZKApc0YQEQpY4DaiZFmLN29E6SLHJfSedj3iNWAndSwfSBpEDadJfg==

lodash@^4.17.21:
  version "4.17.21"
  resolved "https://registry.yarnpkg.com/lodash/-/lodash-4.17.21.tgz#679591c564c3bffaae8454cf0b3df370c3d6911c"
  integrity sha512-v2kDEe57lecTulaDIuNTPy3Ry4gLGJ6Z1O3vE1krgXZNrsQ+LFTGHVxVjcXPs17LhbZVGedAJv8XZ1tvj5FvSg==

luxon@^1.22.2:
  version "1.22.2"
  resolved "https://registry.yarnpkg.com/luxon/-/luxon-1.22.2.tgz#799d65cc1ed0ba85b4cb3f7dd38fc08a8d1a6750"
  integrity sha512-vq6eSaOOw1fKob+JXwfu0e3/UFUT4G4HTFRJab7dch8J1OdOGW/vXqCiJsY7rm2In+5gKNYx0EtnYT0Tc5V4Qw==

typescript@^3.7.4:
  version "3.8.3"
  resolved "https://registry.yarnpkg.com/typescript/-/typescript-3.8.3.tgz#409eb8544ea0335711205869ec458ab109ee1061"
  integrity sha512-MYlEfn5VrLNsgudQTVJeNaQFUAI7DkhnOjdpAp4T+ku1TfQClewlbSuTVHiA+8skNBgaf02TL/kLOvig4y3G8w==
